// !$*UTF8*$!
{
	archiveVersion = 1;
	classes = {
	};
	objectVersion = 46;
	objects = {

/* Begin PBXBuildFile section */
		6981D5F81B8FB37200DB1DEF /* main.m in Sources */ = {isa = PBXBuildFile; fileRef = 6981D5F71B8FB37200DB1DEF /* main.m */; };
		6981D5FB1B8FB37200DB1DEF /* AppDelegate.m in Sources */ = {isa = PBXBuildFile; fileRef = 6981D5FA1B8FB37200DB1DEF /* AppDelegate.m */; };
		6981D5FE1B8FB37200DB1DEF /* TestProduct.xcdatamodeld in Sources */ = {isa = PBXBuildFile; fileRef = 6981D5FC1B8FB37200DB1DEF /* TestProduct.xcdatamodeld */; };
		6981D6011B8FB37200DB1DEF /* ViewController.m in Sources */ = {isa = PBXBuildFile; fileRef = 6981D6001B8FB37200DB1DEF /* ViewController.m */; };
		6981D6041B8FB37200DB1DEF /* Main.storyboard in Resources */ = {isa = PBXBuildFile; fileRef = 6981D6021B8FB37200DB1DEF /* Main.storyboard */; };
		6981D6061B8FB37200DB1DEF /* Images.xcassets in Resources */ = {isa = PBXBuildFile; fileRef = 6981D6051B8FB37200DB1DEF /* Images.xcassets */; };
		6981D6091B8FB37200DB1DEF /* LaunchScreen.xib in Resources */ = {isa = PBXBuildFile; fileRef = 6981D6071B8FB37200DB1DEF /* LaunchScreen.xib */; };
		6981D6151B8FB37200DB1DEF /* TestProductTests.m in Sources */ = {isa = PBXBuildFile; fileRef = 6981D6141B8FB37200DB1DEF /* TestProductTests.m */; };
/* End PBXBuildFile section */

/* Begin PBXContainerItemProxy section */
		6981D60F1B8FB37200DB1DEF /* PBXContainerItemProxy */ = {
			isa = PBXContainerItemProxy;
			containerPortal = 6981D5EA1B8FB37200DB1DEF /* Project object */;
			proxyType = 1;
			remoteGlobalIDString = 6981D5F11B8FB37200DB1DEF;
			remoteInfo = TestProduct;
		};
/* End PBXContainerItemProxy section */

/* Begin PBXFileReference section */
		6981D5F21B8FB37200DB1DEF /* TestProduct.app */ = {isa = PBXFileReference; explicitFileType = wrapper.application; includeInIndex = 0; path = TestProduct.app; sourceTree = BUILT_PRODUCTS_DIR; };
		6981D5F61B8FB37200DB1DEF /* Info.plist */ = {isa = PBXFileReference; lastKnownFileType = text.plist.xml; path = Info.plist; sourceTree = "<group>"; };
		6981D5F71B8FB37200DB1DEF /* main.m */ = {isa = PBXFileReference; lastKnownFileType = sourcecode.c.objc; path = main.m; sourceTree = "<group>"; };
		6981D5F91B8FB37200DB1DEF /* AppDelegate.h */ = {isa = PBXFileReference; lastKnownFileType = sourcecode.c.h; path = AppDelegate.h; sourceTree = "<group>"; };
		6981D5FA1B8FB37200DB1DEF /* AppDelegate.m */ = {isa = PBXFileReference; lastKnownFileType = sourcecode.c.objc; path = AppDelegate.m; sourceTree = "<group>"; };
		6981D5FD1B8FB37200DB1DEF /* TestProduct.xcdatamodel */ = {isa = PBXFileReference; lastKnownFileType = wrapper.xcdatamodel; path = TestProduct.xcdatamodel; sourceTree = "<group>"; };
		6981D5FF1B8FB37200DB1DEF /* ViewController.h */ = {isa = PBXFileReference; lastKnownFileType = sourcecode.c.h; path = ViewController.h; sourceTree = "<group>"; };
		6981D6001B8FB37200DB1DEF /* ViewController.m */ = {isa = PBXFileReference; lastKnownFileType = sourcecode.c.objc; path = ViewController.m; sourceTree = "<group>"; };
		6981D6031B8FB37200DB1DEF /* Base */ = {isa = PBXFileReference; lastKnownFileType = file.storyboard; name = Base; path = Base.lproj/Main.storyboard; sourceTree = "<group>"; };
		6981D6051B8FB37200DB1DEF /* Images.xcassets */ = {isa = PBXFileReference; lastKnownFileType = folder.assetcatalog; path = Images.xcassets; sourceTree = "<group>"; };
		6981D6081B8FB37200DB1DEF /* Base */ = {isa = PBXFileReference; lastKnownFileType = file.xib; name = Base; path = Base.lproj/LaunchScreen.xib; sourceTree = "<group>"; };
		6981D60E1B8FB37200DB1DEF /* TestProductTests.xctest */ = {isa = PBXFileReference; explicitFileType = wrapper.cfbundle; includeInIndex = 0; path = TestProductTests.xctest; sourceTree = BUILT_PRODUCTS_DIR; };
		6981D6131B8FB37200DB1DEF /* Info.plist */ = {isa = PBXFileReference; lastKnownFileType = text.plist.xml; path = Info.plist; sourceTree = "<group>"; };
		6981D6141B8FB37200DB1DEF /* TestProductTests.m */ = {isa = PBXFileReference; lastKnownFileType = sourcecode.c.objc; path = TestProductTests.m; sourceTree = "<group>"; };
/* End PBXFileReference section */

/* Begin PBXFrameworksBuildPhase section */
		6981D5EF1B8FB37200DB1DEF /* Frameworks */ = {
			isa = PBXFrameworksBuildPhase;
			buildActionMask = 2147483647;
			files = (
			);
			runOnlyForDeploymentPostprocessing = 0;
		};
		6981D60B1B8FB37200DB1DEF /* Frameworks */ = {
			isa = PBXFrameworksBuildPhase;
			buildActionMask = 2147483647;
			files = (
			);
			runOnlyForDeploymentPostprocessing = 0;
		};
/* End PBXFrameworksBuildPhase section */

/* Begin PBXGroup section */
		6981D5E91B8FB37200DB1DEF = {
			isa = PBXGroup;
			children = (
				6981D5F41B8FB37200DB1DEF /* TestProduct */,
				6981D6111B8FB37200DB1DEF /* TestProductTests */,
				6981D5F31B8FB37200DB1DEF /* Products */,
			);
			sourceTree = "<group>";
		};
		6981D5F31B8FB37200DB1DEF /* Products */ = {
			isa = PBXGroup;
			children = (
				6981D5F21B8FB37200DB1DEF /* TestProduct.app */,
				6981D60E1B8FB37200DB1DEF /* TestProductTests.xctest */,
			);
			name = Products;
			sourceTree = "<group>";
		};
		6981D5F41B8FB37200DB1DEF /* TestProduct */ = {
			isa = PBXGroup;
			children = (
				6981D5F91B8FB37200DB1DEF /* AppDelegate.h */,
				6981D5FA1B8FB37200DB1DEF /* AppDelegate.m */,
				6981D5FF1B8FB37200DB1DEF /* ViewController.h */,
				6981D6001B8FB37200DB1DEF /* ViewController.m */,
				6981D6021B8FB37200DB1DEF /* Main.storyboard */,
				6981D6051B8FB37200DB1DEF /* Images.xcassets */,
				6981D6071B8FB37200DB1DEF /* LaunchScreen.xib */,
				6981D5FC1B8FB37200DB1DEF /* TestProduct.xcdatamodeld */,
				6981D5F51B8FB37200DB1DEF /* Supporting Files */,
			);
			path = TestProduct;
			sourceTree = "<group>";
		};
		6981D5F51B8FB37200DB1DEF /* Supporting Files */ = {
			isa = PBXGroup;
			children = (
				6981D5F61B8FB37200DB1DEF /* Info.plist */,
				6981D5F71B8FB37200DB1DEF /* main.m */,
			);
			name = "Supporting Files";
			sourceTree = "<group>";
		};
		6981D6111B8FB37200DB1DEF /* TestProductTests */ = {
			isa = PBXGroup;
			children = (
				6981D6141B8FB37200DB1DEF /* TestProductTests.m */,
				6981D6121B8FB37200DB1DEF /* Supporting Files */,
			);
			path = TestProductTests;
			sourceTree = "<group>";
		};
		6981D6121B8FB37200DB1DEF /* Supporting Files */ = {
			isa = PBXGroup;
			children = (
				6981D6131B8FB37200DB1DEF /* Info.plist */,
			);
			name = "Supporting Files";
			sourceTree = "<group>";
		};
/* End PBXGroup section */

/* Begin PBXNativeTarget section */
		6981D5F11B8FB37200DB1DEF /* TestProduct */ = {
			isa = PBXNativeTarget;
			buildConfigurationList = 6981D6181B8FB37200DB1DEF /* Build configuration list for PBXNativeTarget "TestProduct" */;
			buildPhases = (
				6981D5EE1B8FB37200DB1DEF /* Sources */,
				6981D5EF1B8FB37200DB1DEF /* Frameworks */,
				6981D5F01B8FB37200DB1DEF /* Resources */,
			);
			buildRules = (
			);
			dependencies = (
			);
			name = TestProduct;
			productName = TestProduct;
			productReference = 6981D5F21B8FB37200DB1DEF /* TestProduct.app */;
			productType = "com.apple.product-type.application";
		};
		6981D60D1B8FB37200DB1DEF /* TestProductTests */ = {
			isa = PBXNativeTarget;
			buildConfigurationList = 6981D61B1B8FB37200DB1DEF /* Build configuration list for PBXNativeTarget "TestProductTests" */;
			buildPhases = (
				6981D60A1B8FB37200DB1DEF /* Sources */,
				6981D60B1B8FB37200DB1DEF /* Frameworks */,
				6981D60C1B8FB37200DB1DEF /* Resources */,
			);
			buildRules = (
			);
			dependencies = (
				6981D6101B8FB37200DB1DEF /* PBXTargetDependency */,
			);
			name = TestProductTests;
			productName = TestProductTests;
			productReference = 6981D60E1B8FB37200DB1DEF /* TestProductTests.xctest */;
			productType = "com.apple.product-type.bundle.unit-test";
		};
/* End PBXNativeTarget section */

/* Begin PBXProject section */
		6981D5EA1B8FB37200DB1DEF /* Project object */ = {
			isa = PBXProject;
			attributes = {
				LastUpgradeCheck = 0640;
				ORGANIZATIONNAME = mobility;
				TargetAttributes = {
					6981D5F11B8FB37200DB1DEF = {
						CreatedOnToolsVersion = 6.4;
					};
					6981D60D1B8FB37200DB1DEF = {
						CreatedOnToolsVersion = 6.4;
						TestTargetID = 6981D5F11B8FB37200DB1DEF;
					};
				};
			};
			buildConfigurationList = 6981D5ED1B8FB37200DB1DEF /* Build configuration list for PBXProject "TestProduct" */;
			compatibilityVersion = "Xcode 3.2";
			developmentRegion = English;
			hasScannedForEncodings = 0;
			knownRegions = (
				en,
				Base,
			);
			mainGroup = 6981D5E91B8FB37200DB1DEF;
			productRefGroup = 6981D5F31B8FB37200DB1DEF /* Products */;
			projectDirPath = "";
			projectRoot = "";
			targets = (
				6981D5F11B8FB37200DB1DEF /* TestProduct */,
				6981D60D1B8FB37200DB1DEF /* TestProductTests */,
			);
		};
/* End PBXProject section */

/* Begin PBXResourcesBuildPhase section */
		6981D5F01B8FB37200DB1DEF /* Resources */ = {
			isa = PBXResourcesBuildPhase;
			buildActionMask = 2147483647;
			files = (
				6981D6041B8FB37200DB1DEF /* Main.storyboard in Resources */,
				6981D6091B8FB37200DB1DEF /* LaunchScreen.xib in Resources */,
				6981D6061B8FB37200DB1DEF /* Images.xcassets in Resources */,
			);
			runOnlyForDeploymentPostprocessing = 0;
		};
		6981D60C1B8FB37200DB1DEF /* Resources */ = {
			isa = PBXResourcesBuildPhase;
			buildActionMask = 2147483647;
			files = (
			);
			runOnlyForDeploymentPostprocessing = 0;
		};
/* End PBXResourcesBuildPhase section */

/* Begin PBXSourcesBuildPhase section */
		6981D5EE1B8FB37200DB1DEF /* Sources */ = {
			isa = PBXSourcesBuildPhase;
			buildActionMask = 2147483647;
			files = (
				6981D5FB1B8FB37200DB1DEF /* AppDelegate.m in Sources */,
				6981D5FE1B8FB37200DB1DEF /* TestProduct.xcdatamodeld in Sources */,
				6981D6011B8FB37200DB1DEF /* ViewController.m in Sources */,
				6981D5F81B8FB37200DB1DEF /* main.m in Sources */,
			);
			runOnlyForDeploymentPostprocessing = 0;
		};
		6981D60A1B8FB37200DB1DEF /* Sources */ = {
			isa = PBXSourcesBuildPhase;
			buildActionMask = 2147483647;
			files = (
				6981D6151B8FB37200DB1DEF /* TestProductTests.m in Sources */,
			);
			runOnlyForDeploymentPostprocessing = 0;
		};
/* End PBXSourcesBuildPhase section */

/* Begin PBXTargetDependency section */
		6981D6101B8FB37200DB1DEF /* PBXTargetDependency */ = {
			isa = PBXTargetDependency;
			target = 6981D5F11B8FB37200DB1DEF /* TestProduct */;
			targetProxy = 6981D60F1B8FB37200DB1DEF /* PBXContainerItemProxy */;
		};
/* End PBXTargetDependency section */

/* Begin PBXVariantGroup section */
		6981D6021B8FB37200DB1DEF /* Main.storyboard */ = {
			isa = PBXVariantGroup;
			children = (
				6981D6031B8FB37200DB1DEF /* Base */,
			);
			name = Main.storyboard;
			sourceTree = "<group>";
		};
		6981D6071B8FB37200DB1DEF /* LaunchScreen.xib */ = {
			isa = PBXVariantGroup;
			children = (
				6981D6081B8FB37200DB1DEF /* Base */,
			);
			name = LaunchScreen.xib;
			sourceTree = "<group>";
		};
/* End PBXVariantGroup section */

/* Begin XCBuildConfiguration section */
		6981D6161B8FB37200DB1DEF /* Debug */ = {
			isa = XCBuildConfiguration;
			buildSettings = {
				ALWAYS_SEARCH_USER_PATHS = NO;
				CLANG_CXX_LANGUAGE_STANDARD = "gnu++0x";
				CLANG_CXX_LIBRARY = "libc++";
				CLANG_ENABLE_MODULES = YES;
				CLANG_ENABLE_OBJC_ARC = YES;
				CLANG_WARN_BOOL_CONVERSION = YES;
				CLANG_WARN_CONSTANT_CONVERSION = YES;
				CLANG_WARN_DIRECT_OBJC_ISA_USAGE = YES_ERROR;
				CLANG_WARN_EMPTY_BODY = YES;
				CLANG_WARN_ENUM_CONVERSION = YES;
				CLANG_WARN_INT_CONVERSION = YES;
				CLANG_WARN_OBJC_ROOT_CLASS = YES_ERROR;
				CLANG_WARN_UNREACHABLE_CODE = YES;
				CLANG_WARN__DUPLICATE_METHOD_MATCH = YES;
				"CODE_SIGN_IDENTITY[sdk=iphoneos*]" = "iPhone Developer";
				COPY_PHASE_STRIP = NO;
				DEBUG_INFORMATION_FORMAT = "dwarf-with-dsym";
				ENABLE_STRICT_OBJC_MSGSEND = YES;
				GCC_C_LANGUAGE_STANDARD = gnu99;
				GCC_DYNAMIC_NO_PIC = NO;
				GCC_NO_COMMON_BLOCKS = YES;
				GCC_OPTIMIZATION_LEVEL = 0;
				GCC_PREPROCESSOR_DEFINITIONS = (
					"DEBUG=1",
					"$(inherited)",
				);
				GCC_SYMBOLS_PRIVATE_EXTERN = NO;
				GCC_WARN_64_TO_32_BIT_CONVERSION = YES;
				GCC_WARN_ABOUT_RETURN_TYPE = YES_ERROR;
				GCC_WARN_UNDECLARED_SELECTOR = YES;
				GCC_WARN_UNINITIALIZED_AUTOS = YES_AGGRESSIVE;
				GCC_WARN_UNUSED_FUNCTION = YES;
				GCC_WARN_UNUSED_VARIABLE = YES;
				IPHONEOS_DEPLOYMENT_TARGET = 8.4;
				MTL_ENABLE_DEBUG_INFO = YES;
				ONLY_ACTIVE_ARCH = YES;
				SDKROOT = iphoneos;
				TARGETED_DEVICE_FAMILY = "1,2";
			};
			name = Debug;
		};
		6981D6171B8FB37200DB1DEF /* Release */ = {
			isa = XCBuildConfiguration;
			buildSettings = {
				ALWAYS_SEARCH_USER_PATHS = NO;
				CLANG_CXX_LANGUAGE_STANDARD = "gnu++0x";
				CLANG_CXX_LIBRARY = "libc++";
				CLANG_ENABLE_MODULES = YES;
				CLANG_ENABLE_OBJC_ARC = YES;
				CLANG_WARN_BOOL_CONVERSION = YES;
				CLANG_WARN_CONSTANT_CONVERSION = YES;
				CLANG_WARN_DIRECT_OBJC_ISA_USAGE = YES_ERROR;
				CLANG_WARN_EMPTY_BODY = YES;
				CLANG_WARN_ENUM_CONVERSION = YES;
				CLANG_WARN_INT_CONVERSION = YES;
				CLANG_WARN_OBJC_ROOT_CLASS = YES_ERROR;
				CLANG_WARN_UNREACHABLE_CODE = YES;
				CLANG_WARN__DUPLICATE_METHOD_MATCH = YES;
				"CODE_SIGN_IDENTITY[sdk=iphoneos*]" = "iPhone Developer";
				COPY_PHASE_STRIP = NO;
				DEBUG_INFORMATION_FORMAT = "dwarf-with-dsym";
				ENABLE_NS_ASSERTIONS = NO;
				ENABLE_STRICT_OBJC_MSGSEND = YES;
				GCC_C_LANGUAGE_STANDARD = gnu99;
				GCC_NO_COMMON_BLOCKS = YES;
				GCC_WARN_64_TO_32_BIT_CONVERSION = YES;
				GCC_WARN_ABOUT_RETURN_TYPE = YES_ERROR;
				GCC_WARN_UNDECLARED_SELECTOR = YES;
				GCC_WARN_UNINITIALIZED_AUTOS = YES_AGGRESSIVE;
				GCC_WARN_UNUSED_FUNCTION = YES;
				GCC_WARN_UNUSED_VARIABLE = YES;
				IPHONEOS_DEPLOYMENT_TARGET = 8.4;
				MTL_ENABLE_DEBUG_INFO = NO;
				SDKROOT = iphoneos;
				TARGETED_DEVICE_FAMILY = "1,2";
				VALIDATE_PRODUCT = YES;
			};
			name = Release;
		};
		6981D6191B8FB37200DB1DEF /* Debug */ = {
			isa = XCBuildConfiguration;
			buildSettings = {
				ASSETCATALOG_COMPILER_APPICON_NAME = AppIcon;
				INFOPLIST_FILE = TestProduct/Info.plist;
				LD_RUNPATH_SEARCH_PATHS = "$(inherited) @executable_path/Frameworks";
				PRODUCT_NAME = "$(TARGET_NAME)";
			};
			name = Debug;
		};
		6981D61A1B8FB37200DB1DEF /* Release */ = {
			isa = XCBuildConfiguration;
			buildSettings = {
				ASSETCATALOG_COMPILER_APPICON_NAME = AppIcon;
				INFOPLIST_FILE = TestProduct/Info.plist;
				LD_RUNPATH_SEARCH_PATHS = "$(inherited) @executable_path/Frameworks";
				PRODUCT_NAME = "$(TARGET_NAME)";
			};
			name = Release;
		};
		6981D61C1B8FB37200DB1DEF /* Debug */ = {
			isa = XCBuildConfiguration;
			buildSettings = {
				BUNDLE_LOADER = "$(TEST_HOST)";
				FRAMEWORK_SEARCH_PATHS = (
					"$(SDKROOT)/Developer/Library/Frameworks",
					"$(inherited)",
				);
				GCC_PREPROCESSOR_DEFINITIONS = (
					"DEBUG=1",
					"$(inherited)",
				);
				INFOPLIST_FILE = TestProductTests/Info.plist;
				LD_RUNPATH_SEARCH_PATHS = "$(inherited) @executable_path/Frameworks @loader_path/Frameworks";
				PRODUCT_NAME = "$(TARGET_NAME)";
				TEST_HOST = "$(BUILT_PRODUCTS_DIR)/TestProduct.app/TestProduct";
			};
			name = Debug;
		};
		6981D61D1B8FB37200DB1DEF /* Release */ = {
			isa = XCBuildConfiguration;
			buildSettings = {
				BUNDLE_LOADER = "$(TEST_HOST)";
				FRAMEWORK_SEARCH_PATHS = (
					"$(SDKROOT)/Developer/Library/Frameworks",
					"$(inherited)",
				);
				INFOPLIST_FILE = TestProductTests/Info.plist;
				LD_RUNPATH_SEARCH_PATHS = "$(inherited) @executable_path/Frameworks @loader_path/Frameworks";
				PRODUCT_NAME = "$(TARGET_NAME)";
				TEST_HOST = "$(BUILT_PRODUCTS_DIR)/TestProduct.app/TestProduct";
			};
			name = Release;
		};
/* End XCBuildConfiguration section */

/* Begin XCConfigurationList section */
		6981D5ED1B8FB37200DB1DEF /* Build configuration list for PBXProject "TestProduct" */ = {
			isa = XCConfigurationList;
			buildConfigurations = (
				6981D6161B8FB37200DB1DEF /* Debug */,
				6981D6171B8FB37200DB1DEF /* Release */,
			);
			defaultConfigurationIsVisible = 0;
			defaultConfigurationName = Release;
		};
		6981D6181B8FB37200DB1DEF /* Build configuration list for PBXNativeTarget "TestProduct" */ = {
			isa = XCConfigurationList;
			buildConfigurations = (
				6981D6191B8FB37200DB1DEF /* Debug */,
				6981D61A1B8FB37200DB1DEF /* Release */,
			);
			defaultConfigurationIsVisible = 0;
		};
		6981D61B1B8FB37200DB1DEF /* Build configuration list for PBXNativeTarget "TestProductTests" */ = {
			isa = XCConfigurationList;
			buildConfigurations = (
				6981D61C1B8FB37200DB1DEF /* Debug */,
				6981D61D1B8FB37200DB1DEF /* Release */,
			);
			defaultConfigurationIsVisible = 0;
		};
/* End XCConfigurationList section */

/* Begin XCVersionGroup section */
		6981D5FC1B8FB37200DB1DEF /* TestProduct.xcdatamodeld */ = {
			isa = XCVersionGroup;
			children = (
				6981D5FD1B8FB37200DB1DEF /* TestProduct.xcdatamodel */,
			);
			currentVersion = 6981D5FD1B8FB37200DB1DEF /* TestProduct.xcdatamodel */;
			path = TestProduct.xcdatamodeld;
			sourceTree = "<group>";
			versionGroupType = wrapper.xcdatamodel;
		};
/* End XCVersionGroup section */
	};
	rootObject = 6981D5EA1B8FB37200DB1DEF /* Project object */;
}
